
Microsoft Visual Studio Solution File, Format Version 12.00
# Visual Studio Version 17
VisualStudioVersion = 17.4.33122.133
MinimumVisualStudioVersion = 10.0.40219.1
Project("{9A19103F-16F7-4668-BE54-9A1E7A4F7556}") = "Loose_Coupling", "Loose_Coupling\Loose_Coupling.csproj", "{18B018C3-96E3-4759-A7CC-74B87019C246}"
EndProject
Project("{9A19103F-16F7-4668-BE54-9A1E7A4F7556}") = "OCP", "OCP\OCP.csproj", "{7F1BB4AA-0726-42F5-B847-242A8F609D01}"
EndProject
Project("{9A19103F-16F7-4668-BE54-9A1E7A4F7556}") = "SRP", "SRP\SRP.csproj", "{3089440C-4FF0-4FC0-A36F-7253903D2AC3}"
EndProject
Project("{FAE04EC0-301F-11D3-BF4B-00C04F79EFBC}") = "DIP", "DIP\DIP.csproj", "{9968AEF8-91FF-417E-80CB-3EEF0B56898D}"
EndProject
Global
	GlobalSection(SolutionConfigurationPlatforms) = preSolution
		Debug|Any CPU = Debug|Any CPU
		Release|Any CPU = Release|Any CPU
	EndGlobalSection
	GlobalSection(ProjectConfigurationPlatforms) = postSolution
		{18B018C3-96E3-4759-A7CC-74B87019C246}.Debug|Any CPU.ActiveCfg = Debug|Any CPU
		{18B018C3-96E3-4759-A7CC-74B87019C246}.Debug|Any CPU.Build.0 = Debug|Any CPU
		{18B018C3-96E3-4759-A7CC-74B87019C246}.Release|Any CPU.ActiveCfg = Release|Any CPU
		{18B018C3-96E3-4759-A7CC-74B87019C246}.Release|Any CPU.Build.0 = Release|Any CPU
		{7F1BB4AA-0726-42F5-B847-242A8F609D01}.Debug|Any CPU.ActiveCfg = Debug|Any CPU
		{7F1BB4AA-0726-42F5-B847-242A8F609D01}.Debug|Any CPU.Build.0 = Debug|Any CPU
		{7F1BB4AA-0726-42F5-B847-242A8F609D01}.Release|Any CPU.ActiveCfg = Release|Any CPU
		{7F1BB4AA-0726-42F5-B847-242A8F609D01}.Release|Any CPU.Build.0 = Release|Any CPU
		{3089440C-4FF0-4FC0-A36F-7253903D2AC3}.Debug|Any CPU.ActiveCfg = Debug|Any CPU
		{3089440C-4FF0-4FC0-A36F-7253903D2AC3}.Debug|Any CPU.Build.0 = Debug|Any CPU
		{3089440C-4FF0-4FC0-A36F-7253903D2AC3}.Release|Any CPU.ActiveCfg = Release|Any CPU
		{3089440C-4FF0-4FC0-A36F-7253903D2AC3}.Release|Any CPU.Build.0 = Release|Any CPU
		{9968AEF8-91FF-417E-80CB-3EEF0B56898D}.Debug|Any CPU.ActiveCfg = Debug|Any CPU
		{9968AEF8-91FF-417E-80CB-3EEF0B56898D}.Debug|Any CPU.Build.0 = Debug|Any CPU
		{9968AEF8-91FF-417E-80CB-3EEF0B56898D}.Release|Any CPU.ActiveCfg = Release|Any CPU
		{9968AEF8-91FF-417E-80CB-3EEF0B56898D}.Release|Any CPU.Build.0 = Release|Any CPU
	EndGlobalSection
	GlobalSection(SolutionProperties) = preSolution
		HideSolutionNode = FALSE
	EndGlobalSection
	GlobalSection(ExtensibilityGlobals) = postSolution
		SolutionGuid = {7714D9E1-E2E1-49F5-9629-30421F1721BE}
	EndGlobalSection
EndGlobal
